// !$*UTF8*$!
{
	archiveVersion = 1;
	classes = {
	};
	objectVersion = 50;
	objects = {

/* Begin PBXBuildFile section */
		AF8B249E209B46D9003B3240 /* AppDelegate.swift in Sources */ = {isa = PBXBuildFile; fileRef = AF8B249D209B46D9003B3240 /* AppDelegate.swift */; };
		AF8B24A0209B46D9003B3240 /* ViewController.swift in Sources */ = {isa = PBXBuildFile; fileRef = AF8B249F209B46D9003B3240 /* ViewController.swift */; };
		AF8B24A3209B46D9003B3240 /* Main.storyboard in Resources */ = {isa = PBXBuildFile; fileRef = AF8B24A1209B46D9003B3240 /* Main.storyboard */; };
		AF8B24A5209B46DA003B3240 /* Assets.xcassets in Resources */ = {isa = PBXBuildFile; fileRef = AF8B24A4209B46DA003B3240 /* Assets.xcassets */; };
		AF8B24A8209B46DA003B3240 /* LaunchScreen.storyboard in Resources */ = {isa = PBXBuildFile; fileRef = AF8B24A6209B46DA003B3240 /* LaunchScreen.storyboard */; };
		AF8B24B0209B5F8C003B3240 /* MaterTableViewController.swift in Sources */ = {isa = PBXBuildFile; fileRef = AF8B24AF209B5F8C003B3240 /* MaterTableViewController.swift */; };
/* End PBXBuildFile section */

/* Begin PBXFileReference section */
		AF8B249A209B46D9003B3240 /* Modulo1.app */ = {isa = PBXFileReference; explicitFileType = wrapper.application; includeInIndex = 0; path = Modulo1.app; sourceTree = BUILT_PRODUCTS_DIR; };
		AF8B249D209B46D9003B3240 /* AppDelegate.swift */ = {isa = PBXFileReference; lastKnownFileType = sourcecode.swift; path = AppDelegate.swift; sourceTree = "<group>"; };
		AF8B249F209B46D9003B3240 /* ViewController.swift */ = {isa = PBXFileReference; lastKnownFileType = sourcecode.swift; path = ViewController.swift; sourceTree = "<group>"; };
		AF8B24A2209B46D9003B3240 /* Base */ = {isa = PBXFileReference; lastKnownFileType = file.storyboard; name = Base; path = Base.lproj/Main.storyboard; sourceTree = "<group>"; };
		AF8B24A4209B46DA003B3240 /* Assets.xcassets */ = {isa = PBXFileReference; lastKnownFileType = folder.assetcatalog; path = Assets.xcassets; sourceTree = "<group>"; };
		AF8B24A7209B46DA003B3240 /* Base */ = {isa = PBXFileReference; lastKnownFileType = file.storyboard; name = Base; path = Base.lproj/LaunchScreen.storyboard; sourceTree = "<group>"; };
		AF8B24A9209B46DA003B3240 /* Info.plist */ = {isa = PBXFileReference; lastKnownFileType = text.plist.xml; path = Info.plist; sourceTree = "<group>"; };
		AF8B24AF209B5F8C003B3240 /* MaterTableViewController.swift */ = {isa = PBXFileReference; lastKnownFileType = sourcecode.swift; path = MaterTableViewController.swift; sourceTree = "<group>"; };
/* End PBXFileReference section */

/* Begin PBXFrameworksBuildPhase section */
		AF8B2497209B46D9003B3240 /* Frameworks */ = {
			isa = PBXFrameworksBuildPhase;
			buildActionMask = 2147483647;
			files = (
			);
			runOnlyForDeploymentPostprocessing = 0;
		};
/* End PBXFrameworksBuildPhase section */

/* Begin PBXGroup section */
		AF8B2491209B46D9003B3240 = {
			isa = PBXGroup;
			children = (
				AF8B249C209B46D9003B3240 /* Modulo1 */,
				AF8B249B209B46D9003B3240 /* Products */,
			);
			sourceTree = "<group>";
		};
		AF8B249B209B46D9003B3240 /* Products */ = {
			isa = PBXGroup;
			children = (
				AF8B249A209B46D9003B3240 /* Modulo1.app */,
			);
			name = Products;
			sourceTree = "<group>";
		};
		AF8B249C209B46D9003B3240 /* Modulo1 */ = {
			isa = PBXGroup;
			children = (
				AF8B249D209B46D9003B3240 /* AppDelegate.swift */,
				AF8B249F209B46D9003B3240 /* ViewController.swift */,
				AF8B24A1209B46D9003B3240 /* Main.storyboard */,
				AF8B24A4209B46DA003B3240 /* Assets.xcassets */,
				AF8B24A6209B46DA003B3240 /* LaunchScreen.storyboard */,
				AF8B24A9209B46DA003B3240 /* Info.plist */,
				AF8B24AF209B5F8C003B3240 /* MaterTableViewController.swift */,
			);
			path = Modulo1;
			sourceTree = "<group>";
		};
/* End PBXGroup section */

/* Begin PBXNativeTarget section */
		AF8B2499209B46D9003B3240 /* Modulo1 */ = {
			isa = PBXNativeTarget;
			buildConfigurationList = AF8B24AC209B46DA003B3240 /* Build configuration list for PBXNativeTarget "Modulo1" */;
			buildPhases = (
				AF8B2496209B46D9003B3240 /* Sources */,
				AF8B2497209B46D9003B3240 /* Frameworks */,
				AF8B2498209B46D9003B3240 /* Resources */,
			);
			buildRules = (
			);
			dependencies = (
			);
			name = Modulo1;
			productName = Modulo1;
			productReference = AF8B249A209B46D9003B3240 /* Modulo1.app */;
			productType = "com.apple.product-type.application";
		};
/* End PBXNativeTarget section */

/* Begin PBXProject section */
		AF8B2492209B46D9003B3240 /* Project object */ = {
			isa = PBXProject;
			attributes = {
				LastSwiftUpdateCheck = 0930;
				LastUpgradeCheck = 0930;
				ORGANIZATIONNAME = "Jaime Lombana";
				TargetAttributes = {
					AF8B2499209B46D9003B3240 = {
						CreatedOnToolsVersion = 9.3;
					};
				};
			};
			buildConfigurationList = AF8B2495209B46D9003B3240 /* Build configuration list for PBXProject "Modulo1" */;
			compatibilityVersion = "Xcode 9.3";
			developmentRegion = en;
			hasScannedForEncodings = 0;
			knownRegions = (
				en,
				Base,
			);
			mainGroup = AF8B2491209B46D9003B3240;
			productRefGroup = AF8B249B209B46D9003B3240 /* Products */;
			projectDirPath = "";
			projectRoot = "";
			targets = (
				AF8B2499209B46D9003B3240 /* Modulo1 */,
			);
		};
/* End PBXProject section */

/* Begin PBXResourcesBuildPhase section */
		AF8B2498209B46D9003B3240 /* Resources */ = {
			isa = PBXResourcesBuildPhase;
			buildActionMask = 2147483647;
			files = (
				AF8B24A8209B46DA003B3240 /* LaunchScreen.storyboard in Resources */,
				AF8B24A5209B46DA003B3240 /* Assets.xcassets in Resources */,
				AF8B24A3209B46D9003B3240 /* Main.storyboard in Resources */,
			);
			runOnlyForDeploymentPostprocessing = 0;
		};
/* End PBXResourcesBuildPhase section */

/* Begin PBXSourcesBuildPhase section */
		AF8B2496209B46D9003B3240 /* Sources */ = {
			isa = PBXSourcesBuildPhase;
			buildActionMask = 2147483647;
			files = (
				AF8B24A0209B46D9003B3240 /* ViewController.swift in Sources */,
				AF8B249E209B46D9003B3240 /* AppDelegate.swift in Sources */,
				AF8B24B0209B5F8C003B3240 /* MaterTableViewController.swift in Sources */,
			);
			runOnlyForDeploymentPostprocessing = 0;
		};
/* End PBXSourcesBuildPhase section */

/* Begin PBXVariantGroup section */
		AF8B24A1209B46D9003B3240 /* Main.storyboard */ = {
			isa = PBXVariantGroup;
			children = (
				AF8B24A2209B46D9003B3240 /* Base */,
			);
			name = Main.storyboard;
			sourceTree = "<group>";
		};
		AF8B24A6209B46DA003B3240 /* LaunchScreen.storyboard */ = {
			isa = PBXVariantGroup;
			children = (
				AF8B24A7209B46DA003B3240 /* Base */,
			);
			name = LaunchScreen.storyboard;
			sourceTree = "<group>";
		};
/* End PBXVariantGroup section */

/* Begin XCBuildConfiguration section */
		AF8B24AA209B46DA003B3240 /* Debug */ = {
			isa = XCBuildConfiguration;
			buildSettings = {
				ALWAYS_SEARCH_USER_PATHS = NO;
				CLANG_ANALYZER_NONNULL = YES;
				CLANG_ANALYZER_NUMBER_OBJECT_CONVERSION = YES_AGGRESSIVE;
				CLANG_CXX_LANGUAGE_STANDARD = "gnu++14";
				CLANG_CXX_LIBRARY = "libc++";
				CLANG_ENABLE_MODULES = YES;
				CLANG_ENABLE_OBJC_ARC = YES;
				CLANG_ENABLE_OBJC_WEAK = YES;
				CLANG_WARN_BLOCK_CAPTURE_AUTORELEASING = YES;
				CLANG_WARN_BOOL_CONVERSION = YES;
				CLANG_WARN_COMMA = YES;
				CLANG_WARN_CONSTANT_CONVERSION = YES;
				CLANG_WARN_DEPRECATED_OBJC_IMPLEMENTATIONS = YES;
				CLANG_WARN_DIRECT_OBJC_ISA_USAGE = YES_ERROR;
				CLANG_WARN_DOCUMENTATION_COMMENTS = YES;
				CLANG_WARN_EMPTY_BODY = YES;
				CLANG_WARN_ENUM_CONVERSION = YES;
				CLANG_WARN_INFINITE_RECURSION = YES;
				CLANG_WARN_INT_CONVERSION = YES;
				CLANG_WARN_NON_LITERAL_NULL_CONVERSION = YES;
				CLANG_WARN_OBJC_IMPLICIT_RETAIN_SELF = YES;
				CLANG_WARN_OBJC_LITERAL_CONVERSION = YES;
				CLANG_WARN_OBJC_ROOT_CLASS = YES_ERROR;
				CLANG_WARN_RANGE_LOOP_ANALYSIS = YES;
				CLANG_WARN_STRICT_PROTOTYPES = YES;
				CLANG_WARN_SUSPICIOUS_MOVE = YES;
				CLANG_WARN_UNGUARDED_AVAILABILITY = YES_AGGRESSIVE;
				CLANG_WARN_UNREACHABLE_CODE = YES;
				CLANG_WARN__DUPLICATE_METHOD_MATCH = YES;
				CODE_SIGN_IDENTITY = "iPhone Developer";
				COPY_PHASE_STRIP = NO;
				DEBUG_INFORMATION_FORMAT = dwarf;
				ENABLE_STRICT_OBJC_MSGSEND = YES;
				ENABLE_TESTABILITY = YES;
				GCC_C_LANGUAGE_STANDARD = gnu11;
				GCC_DYNAMIC_NO_PIC = NO;
				GCC_NO_COMMON_BLOCKS = YES;
				GCC_OPTIMIZATION_LEVEL = 0;
				GCC_PREPROCESSOR_DEFINITIONS = (
					"DEBUG=1",
					"$(inherited)",
				);
				GCC_WARN_64_TO_32_BIT_CONVERSION = YES;
				GCC_WARN_ABOUT_RETURN_TYPE = YES_ERROR;
				GCC_WARN_UNDECLARED_SELECTOR = YES;
				GCC_WARN_UNINITIALIZED_AUTOS = YES_AGGRESSIVE;
				GCC_WARN_UNUSED_FUNCTION = YES;
				GCC_WARN_UNUSED_VARIABLE = YES;
				IPHONEOS_DEPLOYMENT_TARGET = 11.3;
				MTL_ENABLE_DEBUG_INFO = YES;
				ONLY_ACTIVE_ARCH = YES;
				SDKROOT = iphoneos;
				SWIFT_ACTIVE_COMPILATION_CONDITIONS = DEBUG;
				SWIFT_OPTIMIZATION_LEVEL = "-Onone";
			};
			name = Debug;
		};
		AF8B24AB209B46DA003B3240 /* Release */ = {
			isa = XCBuildConfiguration;
			buildSettings = {
				ALWAYS_SEARCH_USER_PATHS = NO;
				CLANG_ANALYZER_NONNULL = YES;
				CLANG_ANALYZER_NUMBER_OBJECT_CONVERSION = YES_AGGRESSIVE;
				CLANG_CXX_LANGUAGE_STANDARD = "gnu++14";
				CLANG_CXX_LIBRARY = "libc++";
				CLANG_ENABLE_MODULES = YES;
				CLANG_ENABLE_OBJC_ARC = YES;
				CLANG_ENABLE_OBJC_WEAK = YES;
				CLANG_WARN_BLOCK_CAPTURE_AUTORELEASING = YES;
				CLANG_WARN_BOOL_CONVERSION = YES;
				CLANG_WARN_COMMA = YES;
				CLANG_WARN_CONSTANT_CONVERSION = YES;
				CLANG_WARN_DEPRECATED_OBJC_IMPLEMENTATIONS = YES;
				CLANG_WARN_DIRECT_OBJC_ISA_USAGE = YES_ERROR;
				CLANG_WARN_DOCUMENTATION_COMMENTS = YES;
				CLANG_WARN_EMPTY_BODY = YES;
				CLANG_WARN_ENUM_CONVERSION = YES;
				CLANG_WARN_INFINITE_RECURSION = YES;
				CLANG_WARN_INT_CONVERSION = YES;
				CLANG_WARN_NON_LITERAL_NULL_CONVERSION = YES;
				CLANG_WARN_OBJC_IMPLICIT_RETAIN_SELF = YES;
				CLANG_WARN_OBJC_LITERAL_CONVERSION = YES;
				CLANG_WARN_OBJC_ROOT_CLASS = YES_ERROR;
				CLANG_WARN_RANGE_LOOP_ANALYSIS = YES;
				CLANG_WARN_STRICT_PROTOTYPES = YES;
				CLANG_WARN_SUSPICIOUS_MOVE = YES;
				CLANG_WARN_UNGUARDED_AVAILABILITY = YES_AGGRESSIVE;
				CLANG_WARN_UNREACHABLE_CODE = YES;
				CLANG_WARN__DUPLICATE_METHOD_MATCH = YES;
				CODE_SIGN_IDENTITY = "iPhone Developer";
				COPY_PHASE_STRIP = NO;
				DEBUG_INFORMATION_FORMAT = "dwarf-with-dsym";
				ENABLE_NS_ASSERTIONS = NO;
				ENABLE_STRICT_OBJC_MSGSEND = YES;
				GCC_C_LANGUAGE_STANDARD = gnu11;
				GCC_NO_COMMON_BLOCKS = YES;
				GCC_WARN_64_TO_32_BIT_CONVERSION = YES;
				GCC_WARN_ABOUT_RETURN_TYPE = YES_ERROR;
				GCC_WARN_UNDECLARED_SELECTOR = YES;
				GCC_WARN_UNINITIALIZED_AUTOS = YES_AGGRESSIVE;
				GCC_WARN_UNUSED_FUNCTION = YES;
				GCC_WARN_UNUSED_VARIABLE = YES;
				IPHONEOS_DEPLOYMENT_TARGET = 11.3;
				MTL_ENABLE_DEBUG_INFO = NO;
				SDKROOT = iphoneos;
				SWIFT_COMPILATION_MODE = wholemodule;
				SWIFT_OPTIMIZATION_LEVEL = "-O";
				VALIDATE_PRODUCT = YES;
			};
			name = Release;
		};
		AF8B24AD209B46DA003B3240 /* Debug */ = {
			isa = XCBuildConfiguration;
			buildSettings = {
				ASSETCATALOG_COMPILER_APPICON_NAME = AppIcon;
				CODE_SIGN_STYLE = Automatic;
				DEVELOPMENT_TEAM = XMQLRHZNM5;
				INFOPLIST_FILE = Modulo1/Info.plist;
				LD_RUNPATH_SEARCH_PATHS = (
					"$(inherited)",
					"@executable_path/Frameworks",
				);
				PRODUCT_BUNDLE_IDENTIFIER = com.jaime.nextu.Modulo1;
				PRODUCT_NAME = "$(TARGET_NAME)";
				SWIFT_VERSION = 4.0;
				TARGETED_DEVICE_FAMILY = "1,2";
			};
			name = Debug;
		};
		AF8B24AE209B46DA003B3240 /* Release */ = {
			isa = XCBuildConfiguration;
			buildSettings = {
				ASSETCATALOG_COMPILER_APPICON_NAME = AppIcon;
				CODE_SIGN_STYLE = Automatic;
				DEVELOPMENT_TEAM = XMQLRHZNM5;
				INFOPLIST_FILE = Modulo1/Info.plist;
				LD_RUNPATH_SEARCH_PATHS = (
					"$(inherited)",
					"@executable_path/Frameworks",
				);
				PRODUCT_BUNDLE_IDENTIFIER = com.jaime.nextu.Modulo1;
				PRODUCT_NAME = "$(TARGET_NAME)";
				SWIFT_VERSION = 4.0;
				TARGETED_DEVICE_FAMILY = "1,2";
			};
			name = Release;
		};
/* End XCBuildConfiguration section */

/* Begin XCConfigurationList section */
		AF8B2495209B46D9003B3240 /* Build configuration list for PBXProject "Modulo1" */ = {
			isa = XCConfigurationList;
			buildConfigurations = (
				AF8B24AA209B46DA003B3240 /* Debug */,
				AF8B24AB209B46DA003B3240 /* Release */,
			);
			defaultConfigurationIsVisible = 0;
			defaultConfigurationName = Release;
		};
		AF8B24AC209B46DA003B3240 /* Build configuration list for PBXNativeTarget "Modulo1" */ = {
			isa = XCConfigurationList;
			buildConfigurations = (
				AF8B24AD209B46DA003B3240 /* Debug */,
				AF8B24AE209B46DA003B3240 /* Release */,
			);
			defaultConfigurationIsVisible = 0;
			defaultConfigurationName = Release;
		};
/* End XCConfigurationList section */
	};
	rootObject = AF8B2492209B46D9003B3240 /* Project object */;
}
